Microsoft Visual Studio Solution File, Format Version 12.00
# Visual Studio Version 17
VisualStudioVersion = 17.5.2.0
MinimumVisualStudioVersion = 10.0.40219.1
Project("{FAE04EC0-301F-11D3-BF4B-00C04F79EFBC}") = "HealthcareFrontend", "HealthcareFrontend.csproj", "{116E0478-89F0-0FDD-F2D0-91D46F114E98}"
EndProject
Global
	GlobalSection(SolutionConfigurationPlatforms) = preSolution
		Debug|Any CPU = Debug|Any CPU
		Release|Any CPU = Release|Any CPU
	EndGlobalSection
	GlobalSection(ProjectConfigurationPlatforms) = postSolution
		{116E0478-89F0-0FDD-F2D0-91D46F114E98}.Debug|Any CPU.ActiveCfg = Debug|Any CPU
		{116E0478-89F0-0FDD-F2D0-91D46F114E98}.Debug|Any CPU.Build.0 = Debug|Any CPU
		{116E0478-89F0-0FDD-F2D0-91D46F114E98}.Release|Any CPU.ActiveCfg = Release|Any CPU
		{116E0478-89F0-0FDD-F2D0-91D46F114E98}.Release|Any CPU.Build.0 = Release|Any CPU
	EndGlobalSection
	GlobalSection(SolutionProperties) = preSolution
		HideSolutionNode = FALSE
	EndGlobalSection
	GlobalSection(ExtensibilityGlobals) = postSolution
		SolutionGuid = {3D6F5D6D-6736-49F2-BC20-12CF05DED9FE}
	EndGlobalSection
EndGlobal
